
Microsoft Visual Studio Solution File, Format Version 12.00
# Visual Studio Version 16
VisualStudioVersion = 16.0.30413.136
MinimumVisualStudioVersion = 15.0.26124.0
Project("{2150E333-8FDC-42A3-9474-1A3956D46DE8}") = "Library", "Library", "{B20B1B68-6106-4DE4-8658-8E6BD8CBF552}"
EndProject
Project("{2150E333-8FDC-42A3-9474-1A3956D46DE8}") = "Tests", "Tests", "{9A6E1806-515C-4EBC-A66A-1F8E59E87043}"
EndProject
Project("{9A19103F-16F7-4668-BE54-9A1E7A4F7556}") = "W3C.CCG.DidCore", "Library\W3C.CCG.DidCore\W3C.CCG.DidCore.csproj", "{34FEEBD2-698D-40EC-BE54-DFB95F13919D}"
EndProject
Project("{FAE04EC0-301F-11D3-BF4B-00C04F79EFBC}") = "W3C.CCG.SecurityVocabulary", "Library\W3C.CCG.SecurityVocabulary\W3C.CCG.SecurityVocabulary.csproj", "{BE8BB061-F097-4C6E-BCDF-60C98E03919B}"
EndProject
Project("{FAE04EC0-301F-11D3-BF4B-00C04F79EFBC}") = "W3C.CCG.LinkedDataProofs", "Library\W3C.CCG.LinkedDataProofs\W3C.CCG.LinkedDataProofs.csproj", "{28F6A788-5B34-4EC9-B44A-534C3A21A9B0}"
EndProject
Project("{9A19103F-16F7-4668-BE54-9A1E7A4F7556}") = "W3C.CCG.VerifiableCredentials", "Library\W3C.CCG.VerifiableCredentials\W3C.CCG.VerifiableCredentials.csproj", "{F55BD409-6640-405D-A778-EC11E04C91FE}"
EndProject
Project("{9A19103F-16F7-4668-BE54-9A1E7A4F7556}") = "W3C.CCG.DidCore.Tests", "Tests\W3C.CCG.DidCore.Tests\W3C.CCG.DidCore.Tests.csproj", "{E1642291-F16F-47D6-A860-C4184FA49A5E}"
EndProject
Project("{9A19103F-16F7-4668-BE54-9A1E7A4F7556}") = "W3C.CCG.AuthorizationCapabilities", "Library\W3C.CCG.AuthorizationCapabilities\W3C.CCG.AuthorizationCapabilities.csproj", "{597A1291-72E7-41A4-900E-96D98AF55A0A}"
EndProject
Project("{FAE04EC0-301F-11D3-BF4B-00C04F79EFBC}") = "W3cCcg.LdProofs.Tests", "Tests\W3cCcg.LdProofs.Tests\W3cCcg.LdProofs.Tests.csproj", "{87B7C1B3-099A-456A-A5D2-FE4E1F246675}"
EndProject
Project("{FAE04EC0-301F-11D3-BF4B-00C04F79EFBC}") = "W3C.CCG.LinkedDataProofs.Bbs", "Library\W3C.CCG.LinkedDataProofs.Bbs\W3C.CCG.LinkedDataProofs.Bbs.csproj", "{592B1598-83DD-4126-BD87-4AA4E9B54458}"
EndProject
Project("{FAE04EC0-301F-11D3-BF4B-00C04F79EFBC}") = "W3C.CCG.LinkedDataProofs.Bbs.Tests", "Tests\W3C.CCG.LinkedDataProofs.Bbs.Tests\W3C.CCG.LinkedDataProofs.Bbs.Tests.csproj", "{40ABD40D-AA1C-4A4F-B09E-6C3721BB5B5A}"
EndProject
Global
	GlobalSection(SolutionConfigurationPlatforms) = preSolution
		Debug|Any CPU = Debug|Any CPU
		Debug|x64 = Debug|x64
		Debug|x86 = Debug|x86
		Release|Any CPU = Release|Any CPU
		Release|x64 = Release|x64
		Release|x86 = Release|x86
	EndGlobalSection
	GlobalSection(ProjectConfigurationPlatforms) = postSolution
		{34FEEBD2-698D-40EC-BE54-DFB95F13919D}.Debug|Any CPU.ActiveCfg = Debug|Any CPU
		{34FEEBD2-698D-40EC-BE54-DFB95F13919D}.Debug|Any CPU.Build.0 = Debug|Any CPU
		{34FEEBD2-698D-40EC-BE54-DFB95F13919D}.Debug|x64.ActiveCfg = Debug|Any CPU
		{34FEEBD2-698D-40EC-BE54-DFB95F13919D}.Debug|x64.Build.0 = Debug|Any CPU
		{34FEEBD2-698D-40EC-BE54-DFB95F13919D}.Debug|x86.ActiveCfg = Debug|Any CPU
		{34FEEBD2-698D-40EC-BE54-DFB95F13919D}.Debug|x86.Build.0 = Debug|Any CPU
		{34FEEBD2-698D-40EC-BE54-DFB95F13919D}.Release|Any CPU.ActiveCfg = Release|Any CPU
		{34FEEBD2-698D-40EC-BE54-DFB95F13919D}.Release|Any CPU.Build.0 = Release|Any CPU
		{34FEEBD2-698D-40EC-BE54-DFB95F13919D}.Release|x64.ActiveCfg = Release|Any CPU
		{34FEEBD2-698D-40EC-BE54-DFB95F13919D}.Release|x64.Build.0 = Release|Any CPU
		{34FEEBD2-698D-40EC-BE54-DFB95F13919D}.Release|x86.ActiveCfg = Release|Any CPU
		{34FEEBD2-698D-40EC-BE54-DFB95F13919D}.Release|x86.Build.0 = Release|Any CPU
		{BE8BB061-F097-4C6E-BCDF-60C98E03919B}.Debug|Any CPU.ActiveCfg = Debug|Any CPU
		{BE8BB061-F097-4C6E-BCDF-60C98E03919B}.Debug|Any CPU.Build.0 = Debug|Any CPU
		{BE8BB061-F097-4C6E-BCDF-60C98E03919B}.Debug|x64.ActiveCfg = Debug|Any CPU
		{BE8BB061-F097-4C6E-BCDF-60C98E03919B}.Debug|x64.Build.0 = Debug|Any CPU
		{BE8BB061-F097-4C6E-BCDF-60C98E03919B}.Debug|x86.ActiveCfg = Debug|Any CPU
		{BE8BB061-F097-4C6E-BCDF-60C98E03919B}.Debug|x86.Build.0 = Debug|Any CPU
		{BE8BB061-F097-4C6E-BCDF-60C98E03919B}.Release|Any CPU.ActiveCfg = Release|Any CPU
		{BE8BB061-F097-4C6E-BCDF-60C98E03919B}.Release|Any CPU.Build.0 = Release|Any CPU
		{BE8BB061-F097-4C6E-BCDF-60C98E03919B}.Release|x64.ActiveCfg = Release|Any CPU
		{BE8BB061-F097-4C6E-BCDF-60C98E03919B}.Release|x64.Build.0 = Release|Any CPU
		{BE8BB061-F097-4C6E-BCDF-60C98E03919B}.Release|x86.ActiveCfg = Release|Any CPU
		{BE8BB061-F097-4C6E-BCDF-60C98E03919B}.Release|x86.Build.0 = Release|Any CPU
		{28F6A788-5B34-4EC9-B44A-534C3A21A9B0}.Debug|Any CPU.ActiveCfg = Debug|Any CPU
		{28F6A788-5B34-4EC9-B44A-534C3A21A9B0}.Debug|Any CPU.Build.0 = Debug|Any CPU
		{28F6A788-5B34-4EC9-B44A-534C3A21A9B0}.Debug|x64.ActiveCfg = Debug|Any CPU
		{28F6A788-5B34-4EC9-B44A-534C3A21A9B0}.Debug|x64.Build.0 = Debug|Any CPU
		{28F6A788-5B34-4EC9-B44A-534C3A21A9B0}.Debug|x86.ActiveCfg = Debug|Any CPU
		{28F6A788-5B34-4EC9-B44A-534C3A21A9B0}.Debug|x86.Build.0 = Debug|Any CPU
		{28F6A788-5B34-4EC9-B44A-534C3A21A9B0}.Release|Any CPU.ActiveCfg = Release|Any CPU
		{28F6A788-5B34-4EC9-B44A-534C3A21A9B0}.Release|Any CPU.Build.0 = Release|Any CPU
		{28F6A788-5B34-4EC9-B44A-534C3A21A9B0}.Release|x64.ActiveCfg = Release|Any CPU
		{28F6A788-5B34-4EC9-B44A-534C3A21A9B0}.Release|x64.Build.0 = Release|Any CPU
		{28F6A788-5B34-4EC9-B44A-534C3A21A9B0}.Release|x86.ActiveCfg = Release|Any CPU
		{28F6A788-5B34-4EC9-B44A-534C3A21A9B0}.Release|x86.Build.0 = Release|Any CPU
		{F55BD409-6640-405D-A778-EC11E04C91FE}.Debug|Any CPU.ActiveCfg = Debug|Any CPU
		{F55BD409-6640-405D-A778-EC11E04C91FE}.Debug|Any CPU.Build.0 = Debug|Any CPU
		{F55BD409-6640-405D-A778-EC11E04C91FE}.Debug|x64.ActiveCfg = Debug|Any CPU
		{F55BD409-6640-405D-A778-EC11E04C91FE}.Debug|x64.Build.0 = Debug|Any CPU
		{F55BD409-6640-405D-A778-EC11E04C91FE}.Debug|x86.ActiveCfg = Debug|Any CPU
		{F55BD409-6640-405D-A778-EC11E04C91FE}.Debug|x86.Build.0 = Debug|Any CPU
		{F55BD409-6640-405D-A778-EC11E04C91FE}.Release|Any CPU.ActiveCfg = Release|Any CPU
		{F55BD409-6640-405D-A778-EC11E04C91FE}.Release|Any CPU.Build.0 = Release|Any CPU
		{F55BD409-6640-405D-A778-EC11E04C91FE}.Release|x64.ActiveCfg = Release|Any CPU
		{F55BD409-6640-405D-A778-EC11E04C91FE}.Release|x64.Build.0 = Release|Any CPU
		{F55BD409-6640-405D-A778-EC11E04C91FE}.Release|x86.ActiveCfg = Release|Any CPU
		{F55BD409-6640-405D-A778-EC11E04C91FE}.Release|x86.Build.0 = Release|Any CPU
		{E1642291-F16F-47D6-A860-C4184FA49A5E}.Debug|Any CPU.ActiveCfg = Debug|Any CPU
		{E1642291-F16F-47D6-A860-C4184FA49A5E}.Debug|Any CPU.Build.0 = Debug|Any CPU
		{E1642291-F16F-47D6-A860-C4184FA49A5E}.Debug|x64.ActiveCfg = Debug|Any CPU
		{E1642291-F16F-47D6-A860-C4184FA49A5E}.Debug|x64.Build.0 = Debug|Any CPU
		{E1642291-F16F-47D6-A860-C4184FA49A5E}.Debug|x86.ActiveCfg = Debug|Any CPU
		{E1642291-F16F-47D6-A860-C4184FA49A5E}.Debug|x86.Build.0 = Debug|Any CPU
		{E1642291-F16F-47D6-A860-C4184FA49A5E}.Release|Any CPU.ActiveCfg = Release|Any CPU
		{E1642291-F16F-47D6-A860-C4184FA49A5E}.Release|Any CPU.Build.0 = Release|Any CPU
		{E1642291-F16F-47D6-A860-C4184FA49A5E}.Release|x64.ActiveCfg = Release|Any CPU
		{E1642291-F16F-47D6-A860-C4184FA49A5E}.Release|x64.Build.0 = Release|Any CPU
		{E1642291-F16F-47D6-A860-C4184FA49A5E}.Release|x86.ActiveCfg = Release|Any CPU
		{E1642291-F16F-47D6-A860-C4184FA49A5E}.Release|x86.Build.0 = Release|Any CPU
		{597A1291-72E7-41A4-900E-96D98AF55A0A}.Debug|Any CPU.ActiveCfg = Debug|Any CPU
		{597A1291-72E7-41A4-900E-96D98AF55A0A}.Debug|Any CPU.Build.0 = Debug|Any CPU
		{597A1291-72E7-41A4-900E-96D98AF55A0A}.Debug|x64.ActiveCfg = Debug|Any CPU
		{597A1291-72E7-41A4-900E-96D98AF55A0A}.Debug|x64.Build.0 = Debug|Any CPU
		{597A1291-72E7-41A4-900E-96D98AF55A0A}.Debug|x86.ActiveCfg = Debug|Any CPU
		{597A1291-72E7-41A4-900E-96D98AF55A0A}.Debug|x86.Build.0 = Debug|Any CPU
		{597A1291-72E7-41A4-900E-96D98AF55A0A}.Release|Any CPU.ActiveCfg = Release|Any CPU
		{597A1291-72E7-41A4-900E-96D98AF55A0A}.Release|Any CPU.Build.0 = Release|Any CPU
		{597A1291-72E7-41A4-900E-96D98AF55A0A}.Release|x64.ActiveCfg = Release|Any CPU
		{597A1291-72E7-41A4-900E-96D98AF55A0A}.Release|x64.Build.0 = Release|Any CPU
		{597A1291-72E7-41A4-900E-96D98AF55A0A}.Release|x86.ActiveCfg = Release|Any CPU
		{597A1291-72E7-41A4-900E-96D98AF55A0A}.Release|x86.Build.0 = Release|Any CPU
		{87B7C1B3-099A-456A-A5D2-FE4E1F246675}.Debug|Any CPU.ActiveCfg = Debug|Any CPU
		{87B7C1B3-099A-456A-A5D2-FE4E1F246675}.Debug|Any CPU.Build.0 = Debug|Any CPU
		{87B7C1B3-099A-456A-A5D2-FE4E1F246675}.Debug|x64.ActiveCfg = Debug|Any CPU
		{87B7C1B3-099A-456A-A5D2-FE4E1F246675}.Debug|x64.Build.0 = Debug|Any CPU
		{87B7C1B3-099A-456A-A5D2-FE4E1F246675}.Debug|x86.ActiveCfg = Debug|Any CPU
		{87B7C1B3-099A-456A-A5D2-FE4E1F246675}.Debug|x86.Build.0 = Debug|Any CPU
		{87B7C1B3-099A-456A-A5D2-FE4E1F246675}.Release|Any CPU.ActiveCfg = Release|Any CPU
		{87B7C1B3-099A-456A-A5D2-FE4E1F246675}.Release|Any CPU.Build.0 = Release|Any CPU
		{87B7C1B3-099A-456A-A5D2-FE4E1F246675}.Release|x64.ActiveCfg = Release|Any CPU
		{87B7C1B3-099A-456A-A5D2-FE4E1F246675}.Release|x64.Build.0 = Release|Any CPU
		{87B7C1B3-099A-456A-A5D2-FE4E1F246675}.Release|x86.ActiveCfg = Release|Any CPU
		{87B7C1B3-099A-456A-A5D2-FE4E1F246675}.Release|x86.Build.0 = Release|Any CPU
		{592B1598-83DD-4126-BD87-4AA4E9B54458}.Debug|Any CPU.ActiveCfg = Debug|Any CPU
		{592B1598-83DD-4126-BD87-4AA4E9B54458}.Debug|Any CPU.Build.0 = Debug|Any CPU
		{592B1598-83DD-4126-BD87-4AA4E9B54458}.Debug|x64.ActiveCfg = Debug|Any CPU
		{592B1598-83DD-4126-BD87-4AA4E9B54458}.Debug|x64.Build.0 = Debug|Any CPU
		{592B1598-83DD-4126-BD87-4AA4E9B54458}.Debug|x86.ActiveCfg = Debug|Any CPU
		{592B1598-83DD-4126-BD87-4AA4E9B54458}.Debug|x86.Build.0 = Debug|Any CPU
		{592B1598-83DD-4126-BD87-4AA4E9B54458}.Release|Any CPU.ActiveCfg = Release|Any CPU
		{592B1598-83DD-4126-BD87-4AA4E9B54458}.Release|Any CPU.Build.0 = Release|Any CPU
		{592B1598-83DD-4126-BD87-4AA4E9B54458}.Release|x64.ActiveCfg = Release|Any CPU
		{592B1598-83DD-4126-BD87-4AA4E9B54458}.Release|x64.Build.0 = Release|Any CPU
		{592B1598-83DD-4126-BD87-4AA4E9B54458}.Release|x86.ActiveCfg = Release|Any CPU
		{592B1598-83DD-4126-BD87-4AA4E9B54458}.Release|x86.Build.0 = Release|Any CPU
		{40ABD40D-AA1C-4A4F-B09E-6C3721BB5B5A}.Debug|Any CPU.ActiveCfg = Debug|Any CPU
		{40ABD40D-AA1C-4A4F-B09E-6C3721BB5B5A}.Debug|Any CPU.Build.0 = Debug|Any CPU
		{40ABD40D-AA1C-4A4F-B09E-6C3721BB5B5A}.Debug|x64.ActiveCfg = Debug|Any CPU
		{40ABD40D-AA1C-4A4F-B09E-6C3721BB5B5A}.Debug|x64.Build.0 = Debug|Any CPU
		{40ABD40D-AA1C-4A4F-B09E-6C3721BB5B5A}.Debug|x86.ActiveCfg = Debug|Any CPU
		{40ABD40D-AA1C-4A4F-B09E-6C3721BB5B5A}.Debug|x86.Build.0 = Debug|Any CPU
		{40ABD40D-AA1C-4A4F-B09E-6C3721BB5B5A}.Release|Any CPU.ActiveCfg = Release|Any CPU
		{40ABD40D-AA1C-4A4F-B09E-6C3721BB5B5A}.Release|Any CPU.Build.0 = Release|Any CPU
		{40ABD40D-AA1C-4A4F-B09E-6C3721BB5B5A}.Release|x64.ActiveCfg = Release|Any CPU
		{40ABD40D-AA1C-4A4F-B09E-6C3721BB5B5A}.Release|x64.Build.0 = Release|Any CPU
		{40ABD40D-AA1C-4A4F-B09E-6C3721BB5B5A}.Release|x86.ActiveCfg = Release|Any CPU
		{40ABD40D-AA1C-4A4F-B09E-6C3721BB5B5A}.Release|x86.Build.0 = Release|Any CPU
	EndGlobalSection
	GlobalSection(SolutionProperties) = preSolution
		HideSolutionNode = FALSE
	EndGlobalSection
	GlobalSection(NestedProjects) = preSolution
		{34FEEBD2-698D-40EC-BE54-DFB95F13919D} = {B20B1B68-6106-4DE4-8658-8E6BD8CBF552}
		{BE8BB061-F097-4C6E-BCDF-60C98E03919B} = {B20B1B68-6106-4DE4-8658-8E6BD8CBF552}
		{28F6A788-5B34-4EC9-B44A-534C3A21A9B0} = {B20B1B68-6106-4DE4-8658-8E6BD8CBF552}
		{F55BD409-6640-405D-A778-EC11E04C91FE} = {B20B1B68-6106-4DE4-8658-8E6BD8CBF552}
		{E1642291-F16F-47D6-A860-C4184FA49A5E} = {9A6E1806-515C-4EBC-A66A-1F8E59E87043}
		{597A1291-72E7-41A4-900E-96D98AF55A0A} = {B20B1B68-6106-4DE4-8658-8E6BD8CBF552}
		{87B7C1B3-099A-456A-A5D2-FE4E1F246675} = {9A6E1806-515C-4EBC-A66A-1F8E59E87043}
		{592B1598-83DD-4126-BD87-4AA4E9B54458} = {B20B1B68-6106-4DE4-8658-8E6BD8CBF552}
		{40ABD40D-AA1C-4A4F-B09E-6C3721BB5B5A} = {9A6E1806-515C-4EBC-A66A-1F8E59E87043}
	EndGlobalSection
	GlobalSection(ExtensibilityGlobals) = postSolution
		SolutionGuid = {F2399EDD-32F6-4824-A949-253EB92D1FA0}
	EndGlobalSection
EndGlobal
